// !$*UTF8*$!
{
	archiveVersion = 1;
	classes = {
	};
	objectVersion = 46;
	objects = {

/* Begin PBXBuildFile section */
		408E2B8BB2F9B9AEF7314F38 /* Pods_Codepath_Twitter.framework in Frameworks */ = {isa = PBXBuildFile; fileRef = 53C95CF16D38EE9F3C394EA2 /* Pods_Codepath_Twitter.framework */; settings = {ATTRIBUTES = (Weak, ); }; };
		8430BD511BBE6E4000C13E3C /* TwitterClient.swift in Sources */ = {isa = PBXBuildFile; fileRef = 8430BD501BBE6E4000C13E3C /* TwitterClient.swift */; settings = {ASSET_TAGS = (); }; };
		844557EB1BC24D6A0081A330 /* UIColorExtension.swift in Sources */ = {isa = PBXBuildFile; fileRef = 844557EA1BC24D6A0081A330 /* UIColorExtension.swift */; settings = {ASSET_TAGS = (); }; };
		844A57611BBF4764002116A5 /* Credentials.plist in Resources */ = {isa = PBXBuildFile; fileRef = 844A57601BBF4764002116A5 /* Credentials.plist */; settings = {ASSET_TAGS = (); }; };
		844A57641BBF9692002116A5 /* User.swift in Sources */ = {isa = PBXBuildFile; fileRef = 844A57631BBF9692002116A5 /* User.swift */; settings = {ASSET_TAGS = (); }; };
		844A57661BBF969D002116A5 /* Tweet.swift in Sources */ = {isa = PBXBuildFile; fileRef = 844A57651BBF969D002116A5 /* Tweet.swift */; settings = {ASSET_TAGS = (); }; };
		844A57691BBF98D1002116A5 /* TweetDateFormatter.swift in Sources */ = {isa = PBXBuildFile; fileRef = 844A57681BBF98D1002116A5 /* TweetDateFormatter.swift */; settings = {ASSET_TAGS = (); }; };
		8476BBE21BC11AF800ADE7A7 /* ComposeTweetViewController.swift in Sources */ = {isa = PBXBuildFile; fileRef = 8476BBE11BC11AF800ADE7A7 /* ComposeTweetViewController.swift */; settings = {ASSET_TAGS = (); }; };
		8476BBE41BC11C6F00ADE7A7 /* TweetDetailsViewController.swift in Sources */ = {isa = PBXBuildFile; fileRef = 8476BBE31BC11C6F00ADE7A7 /* TweetDetailsViewController.swift */; settings = {ASSET_TAGS = (); }; };
		849EEE041BBDCB3E00D46DE6 /* AppDelegate.swift in Sources */ = {isa = PBXBuildFile; fileRef = 849EEE031BBDCB3E00D46DE6 /* AppDelegate.swift */; };
		849EEE061BBDCB3E00D46DE6 /* LoginViewController.swift in Sources */ = {isa = PBXBuildFile; fileRef = 849EEE051BBDCB3E00D46DE6 /* LoginViewController.swift */; };
		849EEE091BBDCB3E00D46DE6 /* Main.storyboard in Resources */ = {isa = PBXBuildFile; fileRef = 849EEE071BBDCB3E00D46DE6 /* Main.storyboard */; };
		849EEE0B1BBDCB3E00D46DE6 /* Assets.xcassets in Resources */ = {isa = PBXBuildFile; fileRef = 849EEE0A1BBDCB3E00D46DE6 /* Assets.xcassets */; };
		849EEE0E1BBDCB3E00D46DE6 /* LaunchScreen.storyboard in Resources */ = {isa = PBXBuildFile; fileRef = 849EEE0C1BBDCB3E00D46DE6 /* LaunchScreen.storyboard */; };
		84E786BE1BBFB9F900457CCB /* TweetsViewController.swift in Sources */ = {isa = PBXBuildFile; fileRef = 84E786BD1BBFB9F900457CCB /* TweetsViewController.swift */; settings = {ASSET_TAGS = (); }; };
		84E786C01BC034E100457CCB /* TweetTableViewCell.swift in Sources */ = {isa = PBXBuildFile; fileRef = 84E786BF1BC034E100457CCB /* TweetTableViewCell.swift */; settings = {ASSET_TAGS = (); }; };
		84E786C21BC0383300457CCB /* TweetTableViewCell.xib in Resources */ = {isa = PBXBuildFile; fileRef = 84E786C11BC0383300457CCB /* TweetTableViewCell.xib */; settings = {ASSET_TAGS = (); }; };
/* End PBXBuildFile section */

/* Begin PBXFileReference section */
		53C95CF16D38EE9F3C394EA2 /* Pods_Codepath_Twitter.framework */ = {isa = PBXFileReference; explicitFileType = wrapper.framework; includeInIndex = 0; path = Pods_Codepath_Twitter.framework; sourceTree = BUILT_PRODUCTS_DIR; };
		813339024456AFAAE69E672F /* Pods-Codepath Twitter.debug.xcconfig */ = {isa = PBXFileReference; includeInIndex = 1; lastKnownFileType = text.xcconfig; name = "Pods-Codepath Twitter.debug.xcconfig"; path = "Pods/Target Support Files/Pods-Codepath Twitter/Pods-Codepath Twitter.debug.xcconfig"; sourceTree = "<group>"; };
		8430BD501BBE6E4000C13E3C /* TwitterClient.swift */ = {isa = PBXFileReference; fileEncoding = 4; lastKnownFileType = sourcecode.swift; path = TwitterClient.swift; sourceTree = "<group>"; };
		844557EA1BC24D6A0081A330 /* UIColorExtension.swift */ = {isa = PBXFileReference; fileEncoding = 4; lastKnownFileType = sourcecode.swift; path = UIColorExtension.swift; sourceTree = "<group>"; };
		844A57601BBF4764002116A5 /* Credentials.plist */ = {isa = PBXFileReference; fileEncoding = 4; lastKnownFileType = text.plist.xml; path = Credentials.plist; sourceTree = "<group>"; };
		844A57631BBF9692002116A5 /* User.swift */ = {isa = PBXFileReference; fileEncoding = 4; lastKnownFileType = sourcecode.swift; path = User.swift; sourceTree = "<group>"; };
		844A57651BBF969D002116A5 /* Tweet.swift */ = {isa = PBXFileReference; fileEncoding = 4; lastKnownFileType = sourcecode.swift; path = Tweet.swift; sourceTree = "<group>"; };
		844A57681BBF98D1002116A5 /* TweetDateFormatter.swift */ = {isa = PBXFileReference; fileEncoding = 4; lastKnownFileType = sourcecode.swift; path = TweetDateFormatter.swift; sourceTree = "<group>"; };
		8476BBE11BC11AF800ADE7A7 /* ComposeTweetViewController.swift */ = {isa = PBXFileReference; fileEncoding = 4; lastKnownFileType = sourcecode.swift; path = ComposeTweetViewController.swift; sourceTree = "<group>"; };
		8476BBE31BC11C6F00ADE7A7 /* TweetDetailsViewController.swift */ = {isa = PBXFileReference; fileEncoding = 4; lastKnownFileType = sourcecode.swift; path = TweetDetailsViewController.swift; sourceTree = "<group>"; };
		849EEE001BBDCB3E00D46DE6 /* Codepath Twitter.app */ = {isa = PBXFileReference; explicitFileType = wrapper.application; includeInIndex = 0; path = "Codepath Twitter.app"; sourceTree = BUILT_PRODUCTS_DIR; };
		849EEE031BBDCB3E00D46DE6 /* AppDelegate.swift */ = {isa = PBXFileReference; lastKnownFileType = sourcecode.swift; path = AppDelegate.swift; sourceTree = "<group>"; };
		849EEE051BBDCB3E00D46DE6 /* LoginViewController.swift */ = {isa = PBXFileReference; lastKnownFileType = sourcecode.swift; path = LoginViewController.swift; sourceTree = "<group>"; };
		849EEE081BBDCB3E00D46DE6 /* Base */ = {isa = PBXFileReference; lastKnownFileType = file.storyboard; name = Base; path = Base.lproj/Main.storyboard; sourceTree = "<group>"; };
		849EEE0A1BBDCB3E00D46DE6 /* Assets.xcassets */ = {isa = PBXFileReference; lastKnownFileType = folder.assetcatalog; path = Assets.xcassets; sourceTree = "<group>"; };
		849EEE0D1BBDCB3E00D46DE6 /* Base */ = {isa = PBXFileReference; lastKnownFileType = file.storyboard; name = Base; path = Base.lproj/LaunchScreen.storyboard; sourceTree = "<group>"; };
		849EEE0F1BBDCB3E00D46DE6 /* Info.plist */ = {isa = PBXFileReference; lastKnownFileType = text.plist.xml; path = Info.plist; sourceTree = "<group>"; };
		84E786BD1BBFB9F900457CCB /* TweetsViewController.swift */ = {isa = PBXFileReference; fileEncoding = 4; lastKnownFileType = sourcecode.swift; path = TweetsViewController.swift; sourceTree = "<group>"; };
		84E786BF1BC034E100457CCB /* TweetTableViewCell.swift */ = {isa = PBXFileReference; fileEncoding = 4; lastKnownFileType = sourcecode.swift; path = TweetTableViewCell.swift; sourceTree = "<group>"; };
		84E786C11BC0383300457CCB /* TweetTableViewCell.xib */ = {isa = PBXFileReference; fileEncoding = 4; lastKnownFileType = file.xib; path = TweetTableViewCell.xib; sourceTree = "<group>"; };
		BA2B1D813B4712CDC4A0EE9F /* Pods-Codepath Twitter.release.xcconfig */ = {isa = PBXFileReference; includeInIndex = 1; lastKnownFileType = text.xcconfig; name = "Pods-Codepath Twitter.release.xcconfig"; path = "Pods/Target Support Files/Pods-Codepath Twitter/Pods-Codepath Twitter.release.xcconfig"; sourceTree = "<group>"; };
/* End PBXFileReference section */

/* Begin PBXFrameworksBuildPhase section */
		849EEDFD1BBDCB3E00D46DE6 /* Frameworks */ = {
			isa = PBXFrameworksBuildPhase;
			buildActionMask = 2147483647;
			files = (
				408E2B8BB2F9B9AEF7314F38 /* Pods_Codepath_Twitter.framework in Frameworks */,
			);
			runOnlyForDeploymentPostprocessing = 0;
		};
/* End PBXFrameworksBuildPhase section */

/* Begin PBXGroup section */
		844A575F1BBF44B9002116A5 /* API */ = {
			isa = PBXGroup;
			children = (
				8430BD501BBE6E4000C13E3C /* TwitterClient.swift */,
				844A57601BBF4764002116A5 /* Credentials.plist */,
			);
			name = API;
			sourceTree = "<group>";
		};
		844A57621BBF9602002116A5 /* Models */ = {
			isa = PBXGroup;
			children = (
				844A57631BBF9692002116A5 /* User.swift */,
				844A57651BBF969D002116A5 /* Tweet.swift */,
			);
			name = Models;
			sourceTree = "<group>";
		};
		844A57671BBF981D002116A5 /* Util */ = {
			isa = PBXGroup;
			children = (
				844557EA1BC24D6A0081A330 /* UIColorExtension.swift */,
				844A57681BBF98D1002116A5 /* TweetDateFormatter.swift */,
			);
			name = Util;
			sourceTree = "<group>";
		};
		849EEDF71BBDCB3E00D46DE6 = {
			isa = PBXGroup;
			children = (
				849EEE021BBDCB3E00D46DE6 /* Codepath Twitter */,
				849EEE011BBDCB3E00D46DE6 /* Products */,
				9B8EC5F15F96AC2E6AE573C4 /* Pods */,
				ECD6795BCE2128E0ACAA8987 /* Frameworks */,
			);
			sourceTree = "<group>";
		};
		849EEE011BBDCB3E00D46DE6 /* Products */ = {
			isa = PBXGroup;
			children = (
				849EEE001BBDCB3E00D46DE6 /* Codepath Twitter.app */,
			);
			name = Products;
			sourceTree = "<group>";
		};
		849EEE021BBDCB3E00D46DE6 /* Codepath Twitter */ = {
			isa = PBXGroup;
			children = (
				844A57671BBF981D002116A5 /* Util */,
				844A57621BBF9602002116A5 /* Models */,
				844A575F1BBF44B9002116A5 /* API */,
				849EEE031BBDCB3E00D46DE6 /* AppDelegate.swift */,
				849EEE051BBDCB3E00D46DE6 /* LoginViewController.swift */,
				84E786BD1BBFB9F900457CCB /* TweetsViewController.swift */,
				8476BBE31BC11C6F00ADE7A7 /* TweetDetailsViewController.swift */,
				8476BBE11BC11AF800ADE7A7 /* ComposeTweetViewController.swift */,
				84E786BF1BC034E100457CCB /* TweetTableViewCell.swift */,
				84E786C11BC0383300457CCB /* TweetTableViewCell.xib */,
				849EEE071BBDCB3E00D46DE6 /* Main.storyboard */,
				849EEE0A1BBDCB3E00D46DE6 /* Assets.xcassets */,
				849EEE0C1BBDCB3E00D46DE6 /* LaunchScreen.storyboard */,
				849EEE0F1BBDCB3E00D46DE6 /* Info.plist */,
			);
			path = "Codepath Twitter";
			sourceTree = "<group>";
		};
		9B8EC5F15F96AC2E6AE573C4 /* Pods */ = {
			isa = PBXGroup;
			children = (
				813339024456AFAAE69E672F /* Pods-Codepath Twitter.debug.xcconfig */,
				BA2B1D813B4712CDC4A0EE9F /* Pods-Codepath Twitter.release.xcconfig */,
			);
			name = Pods;
			sourceTree = "<group>";
		};
		ECD6795BCE2128E0ACAA8987 /* Frameworks */ = {
			isa = PBXGroup;
			children = (
				53C95CF16D38EE9F3C394EA2 /* Pods_Codepath_Twitter.framework */,
			);
			name = Frameworks;
			sourceTree = "<group>";
		};
/* End PBXGroup section */

/* Begin PBXNativeTarget section */
		849EEDFF1BBDCB3E00D46DE6 /* Codepath Twitter */ = {
			isa = PBXNativeTarget;
			buildConfigurationList = 849EEE121BBDCB3E00D46DE6 /* Build configuration list for PBXNativeTarget "Codepath Twitter" */;
			buildPhases = (
				2C3CDCBFE2C2FFF4556EF125 /* Check Pods Manifest.lock */,
				849EEDFC1BBDCB3E00D46DE6 /* Sources */,
				849EEDFD1BBDCB3E00D46DE6 /* Frameworks */,
				849EEDFE1BBDCB3E00D46DE6 /* Resources */,
				C1E97CFA46C3DB7D24D719ED /* Embed Pods Frameworks */,
				CD9338B56819B7C0986049E2 /* Copy Pods Resources */,
			);
			buildRules = (
			);
			dependencies = (
			);
			name = "Codepath Twitter";
			productName = "Codepath Twitter";
			productReference = 849EEE001BBDCB3E00D46DE6 /* Codepath Twitter.app */;
			productType = "com.apple.product-type.application";
		};
/* End PBXNativeTarget section */

/* Begin PBXProject section */
		849EEDF81BBDCB3E00D46DE6 /* Project object */ = {
			isa = PBXProject;
			attributes = {
				LastUpgradeCheck = 0700;
				ORGANIZATIONNAME = mattmo;
				TargetAttributes = {
					849EEDFF1BBDCB3E00D46DE6 = {
						CreatedOnToolsVersion = 7.0;
					};
				};
			};
			buildConfigurationList = 849EEDFB1BBDCB3E00D46DE6 /* Build configuration list for PBXProject "Codepath Twitter" */;
			compatibilityVersion = "Xcode 3.2";
			developmentRegion = English;
			hasScannedForEncodings = 0;
			knownRegions = (
				en,
				Base,
			);
			mainGroup = 849EEDF71BBDCB3E00D46DE6;
			productRefGroup = 849EEE011BBDCB3E00D46DE6 /* Products */;
			projectDirPath = "";
			projectRoot = "";
			targets = (
				849EEDFF1BBDCB3E00D46DE6 /* Codepath Twitter */,
			);
		};
/* End PBXProject section */

/* Begin PBXResourcesBuildPhase section */
		849EEDFE1BBDCB3E00D46DE6 /* Resources */ = {
			isa = PBXResourcesBuildPhase;
			buildActionMask = 2147483647;
			files = (
				84E786C21BC0383300457CCB /* TweetTableViewCell.xib in Resources */,
				849EEE0E1BBDCB3E00D46DE6 /* LaunchScreen.storyboard in Resources */,
				844A57611BBF4764002116A5 /* Credentials.plist in Resources */,
				849EEE0B1BBDCB3E00D46DE6 /* Assets.xcassets in Resources */,
				849EEE091BBDCB3E00D46DE6 /* Main.storyboard in Resources */,
			);
			runOnlyForDeploymentPostprocessing = 0;
		};
/* End PBXResourcesBuildPhase section */

/* Begin PBXShellScriptBuildPhase section */
		2C3CDCBFE2C2FFF4556EF125 /* Check Pods Manifest.lock */ = {
			isa = PBXShellScriptBuildPhase;
			buildActionMask = 2147483647;
			files = (
			);
			inputPaths = (
			);
			name = "Check Pods Manifest.lock";
			outputPaths = (
			);
			runOnlyForDeploymentPostprocessing = 0;
			shellPath = /bin/sh;
			shellScript = "diff \"${PODS_ROOT}/../Podfile.lock\" \"${PODS_ROOT}/Manifest.lock\" > /dev/null\nif [[ $? != 0 ]] ; then\n    cat << EOM\nerror: The sandbox is not in sync with the Podfile.lock. Run 'pod install' or update your CocoaPods installation.\nEOM\n    exit 1\nfi\n";
			showEnvVarsInLog = 0;
		};
		C1E97CFA46C3DB7D24D719ED /* Embed Pods Frameworks */ = {
			isa = PBXShellScriptBuildPhase;
			buildActionMask = 2147483647;
			files = (
			);
			inputPaths = (
			);
			name = "Embed Pods Frameworks";
			outputPaths = (
			);
			runOnlyForDeploymentPostprocessing = 0;
			shellPath = /bin/sh;
			shellScript = "\"${SRCROOT}/Pods/Target Support Files/Pods-Codepath Twitter/Pods-Codepath Twitter-frameworks.sh\"\n";
			showEnvVarsInLog = 0;
		};
		CD9338B56819B7C0986049E2 /* Copy Pods Resources */ = {
			isa = PBXShellScriptBuildPhase;
			buildActionMask = 2147483647;
			files = (
			);
			inputPaths = (
			);
			name = "Copy Pods Resources";
			outputPaths = (
			);
			runOnlyForDeploymentPostprocessing = 0;
			shellPath = /bin/sh;
			shellScript = "\"${SRCROOT}/Pods/Target Support Files/Pods-Codepath Twitter/Pods-Codepath Twitter-resources.sh\"\n";
			showEnvVarsInLog = 0;
		};
/* End PBXShellScriptBuildPhase section */

/* Begin PBXSourcesBuildPhase section */
		849EEDFC1BBDCB3E00D46DE6 /* Sources */ = {
			isa = PBXSourcesBuildPhase;
			buildActionMask = 2147483647;
			files = (
				8476BBE21BC11AF800ADE7A7 /* ComposeTweetViewController.swift in Sources */,
				844A57641BBF9692002116A5 /* User.swift in Sources */,
				8476BBE41BC11C6F00ADE7A7 /* TweetDetailsViewController.swift in Sources */,
				844A57661BBF969D002116A5 /* Tweet.swift in Sources */,
				849EEE061BBDCB3E00D46DE6 /* LoginViewController.swift in Sources */,
				844A57691BBF98D1002116A5 /* TweetDateFormatter.swift in Sources */,
				84E786BE1BBFB9F900457CCB /* TweetsViewController.swift in Sources */,
				8430BD511BBE6E4000C13E3C /* TwitterClient.swift in Sources */,
				844557EB1BC24D6A0081A330 /* UIColorExtension.swift in Sources */,
				849EEE041BBDCB3E00D46DE6 /* AppDelegate.swift in Sources */,
				84E786C01BC034E100457CCB /* TweetTableViewCell.swift in Sources */,
			);
			runOnlyForDeploymentPostprocessing = 0;
		};
/* End PBXSourcesBuildPhase section */

/* Begin PBXVariantGroup section */
		849EEE071BBDCB3E00D46DE6 /* Main.storyboard */ = {
			isa = PBXVariantGroup;
			children = (
				849EEE081BBDCB3E00D46DE6 /* Base */,
			);
			name = Main.storyboard;
			sourceTree = "<group>";
		};
		849EEE0C1BBDCB3E00D46DE6 /* LaunchScreen.storyboard */ = {
			isa = PBXVariantGroup;
			children = (
				849EEE0D1BBDCB3E00D46DE6 /* Base */,
			);
			name = LaunchScreen.storyboard;
			sourceTree = "<group>";
		};
/* End PBXVariantGroup section */

/* Begin XCBuildConfiguration section */
		849EEE101BBDCB3E00D46DE6 /* Debug */ = {
			isa = XCBuildConfiguration;
			buildSettings = {
				ALWAYS_SEARCH_USER_PATHS = NO;
				CLANG_CXX_LANGUAGE_STANDARD = "gnu++0x";
				CLANG_CXX_LIBRARY = "libc++";
				CLANG_ENABLE_MODULES = YES;
				CLANG_ENABLE_OBJC_ARC = YES;
				CLANG_WARN_BOOL_CONVERSION = YES;
				CLANG_WARN_CONSTANT_CONVERSION = YES;
				CLANG_WARN_DIRECT_OBJC_ISA_USAGE = YES_ERROR;
				CLANG_WARN_EMPTY_BODY = YES;
				CLANG_WARN_ENUM_CONVERSION = YES;
				CLANG_WARN_INT_CONVERSION = YES;
				CLANG_WARN_OBJC_ROOT_CLASS = YES_ERROR;
				CLANG_WARN_UNREACHABLE_CODE = YES;
				CLANG_WARN__DUPLICATE_METHOD_MATCH = YES;
				"CODE_SIGN_IDENTITY[sdk=iphoneos*]" = "iPhone Developer";
				COPY_PHASE_STRIP = NO;
				DEBUG_INFORMATION_FORMAT = dwarf;
				ENABLE_STRICT_OBJC_MSGSEND = YES;
				ENABLE_TESTABILITY = YES;
				GCC_C_LANGUAGE_STANDARD = gnu99;
				GCC_DYNAMIC_NO_PIC = NO;
				GCC_NO_COMMON_BLOCKS = YES;
				GCC_OPTIMIZATION_LEVEL = 0;
				GCC_PREPROCESSOR_DEFINITIONS = (
					"DEBUG=1",
					"$(inherited)",
				);
				GCC_WARN_64_TO_32_BIT_CONVERSION = YES;
				GCC_WARN_ABOUT_RETURN_TYPE = YES_ERROR;
				GCC_WARN_UNDECLARED_SELECTOR = YES;
				GCC_WARN_UNINITIALIZED_AUTOS = YES_AGGRESSIVE;
				GCC_WARN_UNUSED_FUNCTION = YES;
				GCC_WARN_UNUSED_VARIABLE = YES;
				IPHONEOS_DEPLOYMENT_TARGET = 9.0;
				MTL_ENABLE_DEBUG_INFO = YES;
				ONLY_ACTIVE_ARCH = YES;
				SDKROOT = iphoneos;
				SWIFT_OPTIMIZATION_LEVEL = "-Onone";
			};
			name = Debug;
		};
		849EEE111BBDCB3E00D46DE6 /* Release */ = {
			isa = XCBuildConfiguration;
			buildSettings = {
				ALWAYS_SEARCH_USER_PATHS = NO;
				CLANG_CXX_LANGUAGE_STANDARD = "gnu++0x";
				CLANG_CXX_LIBRARY = "libc++";
				CLANG_ENABLE_MODULES = YES;
				CLANG_ENABLE_OBJC_ARC = YES;
				CLANG_WARN_BOOL_CONVERSION = YES;
				CLANG_WARN_CONSTANT_CONVERSION = YES;
				CLANG_WARN_DIRECT_OBJC_ISA_USAGE = YES_ERROR;
				CLANG_WARN_EMPTY_BODY = YES;
				CLANG_WARN_ENUM_CONVERSION = YES;
				CLANG_WARN_INT_CONVERSION = YES;
				CLANG_WARN_OBJC_ROOT_CLASS = YES_ERROR;
				CLANG_WARN_UNREACHABLE_CODE = YES;
				CLANG_WARN__DUPLICATE_METHOD_MATCH = YES;
				"CODE_SIGN_IDENTITY[sdk=iphoneos*]" = "iPhone Developer";
				COPY_PHASE_STRIP = NO;
				DEBUG_INFORMATION_FORMAT = "dwarf-with-dsym";
				ENABLE_NS_ASSERTIONS = NO;
				ENABLE_STRICT_OBJC_MSGSEND = YES;
				GCC_C_LANGUAGE_STANDARD = gnu99;
				GCC_NO_COMMON_BLOCKS = YES;
				GCC_WARN_64_TO_32_BIT_CONVERSION = YES;
				GCC_WARN_ABOUT_RETURN_TYPE = YES_ERROR;
				GCC_WARN_UNDECLARED_SELECTOR = YES;
				GCC_WARN_UNINITIALIZED_AUTOS = YES_AGGRESSIVE;
				GCC_WARN_UNUSED_FUNCTION = YES;
				GCC_WARN_UNUSED_VARIABLE = YES;
				IPHONEOS_DEPLOYMENT_TARGET = 9.0;
				MTL_ENABLE_DEBUG_INFO = NO;
				SDKROOT = iphoneos;
				VALIDATE_PRODUCT = YES;
			};
			name = Release;
		};
		849EEE131BBDCB3E00D46DE6 /* Debug */ = {
			isa = XCBuildConfiguration;
			baseConfigurationReference = 813339024456AFAAE69E672F /* Pods-Codepath Twitter.debug.xcconfig */;
			buildSettings = {
				ASSETCATALOG_COMPILER_APPICON_NAME = AppIcon;
				INFOPLIST_FILE = "Codepath Twitter/Info.plist";
				LD_RUNPATH_SEARCH_PATHS = "$(inherited) @executable_path/Frameworks";
				PRODUCT_BUNDLE_IDENTIFIER = "com.mattmo.Codepath-Twitter";
				PRODUCT_NAME = "$(TARGET_NAME)";
			};
			name = Debug;
		};
		849EEE141BBDCB3E00D46DE6 /* Release */ = {
			isa = XCBuildConfiguration;
			baseConfigurationReference = BA2B1D813B4712CDC4A0EE9F /* Pods-Codepath Twitter.release.xcconfig */;
			buildSettings = {
				ASSETCATALOG_COMPILER_APPICON_NAME = AppIcon;
				INFOPLIST_FILE = "Codepath Twitter/Info.plist";
				LD_RUNPATH_SEARCH_PATHS = "$(inherited) @executable_path/Frameworks";
				PRODUCT_BUNDLE_IDENTIFIER = "com.mattmo.Codepath-Twitter";
				PRODUCT_NAME = "$(TARGET_NAME)";
			};
			name = Release;
		};
/* End XCBuildConfiguration section */

/* Begin XCConfigurationList section */
		849EEDFB1BBDCB3E00D46DE6 /* Build configuration list for PBXProject "Codepath Twitter" */ = {
			isa = XCConfigurationList;
			buildConfigurations = (
				849EEE101BBDCB3E00D46DE6 /* Debug */,
				849EEE111BBDCB3E00D46DE6 /* Release */,
			);
			defaultConfigurationIsVisible = 0;
			defaultConfigurationName = Release;
		};
		849EEE121BBDCB3E00D46DE6 /* Build configuration list for PBXNativeTarget "Codepath Twitter" */ = {
			isa = XCConfigurationList;
			buildConfigurations = (
				849EEE131BBDCB3E00D46DE6 /* Debug */,
				849EEE141BBDCB3E00D46DE6 /* Release */,
			);
			defaultConfigurationIsVisible = 0;
			defaultConfigurationName = Release;
		};
/* End XCConfigurationList section */
	};
	rootObject = 849EEDF81BBDCB3E00D46DE6 /* Project object */;
}
